// !$*UTF8*$!
{
	archiveVersion = 1;
	classes = {
	};
	objectVersion = 46;
	objects = {

/* Begin PBXBuildFile section */
		382707E71F573F1D00658B6B /* HangulTests.swift in Sources */ = {isa = PBXBuildFile; fileRef = 382707E61F573F1D00658B6B /* HangulTests.swift */; };
		388186F521EE3652004B7FDB /* hanja.txt in Copy Hanja Resources */ = {isa = PBXBuildFile; fileRef = 388186D821EE35DD004B7FDB /* hanja.txt */; };
		388186F621EE3652004B7FDB /* mssymbol.txt in Copy Hanja Resources */ = {isa = PBXBuildFile; fileRef = 388186DC21EE35DD004B7FDB /* mssymbol.txt */; };
		388186F821EE366A004B7FDB /* hangul-combination-full.xml in Copy Keyboard Resources */ = {isa = PBXBuildFile; fileRef = 388186E021EE35E8004B7FDB /* hangul-combination-full.xml */; };
		388186F921EE366A004B7FDB /* hangul-combination-default.xml in Copy Keyboard Resources */ = {isa = PBXBuildFile; fileRef = 388186E121EE35E8004B7FDB /* hangul-combination-default.xml */; };
		388186FA21EE366A004B7FDB /* hangul-combination-3p.xml in Copy Keyboard Resources */ = {isa = PBXBuildFile; fileRef = 388186E621EE35E8004B7FDB /* hangul-combination-3p.xml */; };
		388186FB21EE366A004B7FDB /* hangul-combination-3f.xml in Copy Keyboard Resources */ = {isa = PBXBuildFile; fileRef = 388186E821EE35E8004B7FDB /* hangul-combination-3f.xml */; };
		388186FC21EE366A004B7FDB /* hangul-combination-39.xml in Copy Keyboard Resources */ = {isa = PBXBuildFile; fileRef = 388186F021EE35E8004B7FDB /* hangul-combination-39.xml */; };
		3890A8CF1423247C00067337 /* hangul.h in Headers */ = {isa = PBXBuildFile; fileRef = 3890A8C71423247C00067337 /* hangul.h */; settings = {ATTRIBUTES = (); }; };
		3890A8D01423247C00067337 /* hangulctype.c in Sources */ = {isa = PBXBuildFile; fileRef = 3890A8C81423247C00067337 /* hangulctype.c */; };
		3890A8D11423247C00067337 /* hangulinputcontext.c in Sources */ = {isa = PBXBuildFile; fileRef = 3890A8C91423247C00067337 /* hangulinputcontext.c */; };
		3890A8D31423247C00067337 /* hangulkeyboard.h in Headers */ = {isa = PBXBuildFile; fileRef = 3890A8CB1423247C00067337 /* hangulkeyboard.h */; };
		3890A8D41423247C00067337 /* hanja.c in Sources */ = {isa = PBXBuildFile; fileRef = 3890A8CC1423247C00067337 /* hanja.c */; };
		389B61021F52F9310088AE25 /* hangulkeyboard.c in Sources */ = {isa = PBXBuildFile; fileRef = 389B61011F52F9310088AE25 /* hangulkeyboard.c */; };
		38F858D6215A828B00CD80AE /* hangulinternals.h in Headers */ = {isa = PBXBuildFile; fileRef = 3890A8CA1423247C00067337 /* hangulinternals.h */; };
		38F858EB215A8B6000CD80AE /* HGCharacter.h in Headers */ = {isa = PBXBuildFile; fileRef = 3890A8B11423238E00067337 /* HGCharacter.h */; settings = {ATTRIBUTES = (Public, ); }; };
		38F858EC215A8B6000CD80AE /* HGCharacter.m in Sources */ = {isa = PBXBuildFile; fileRef = 3890A8B21423238E00067337 /* HGCharacter.m */; };
		38F858ED215A8B6000CD80AE /* HGInputContext.h in Headers */ = {isa = PBXBuildFile; fileRef = 3890A8B31423238E00067337 /* HGInputContext.h */; settings = {ATTRIBUTES = (Public, ); }; };
		38F858EE215A8B6000CD80AE /* HGInputContext.m in Sources */ = {isa = PBXBuildFile; fileRef = 3890A8B41423238E00067337 /* HGInputContext.m */; };
		38F858EF215A8B6000CD80AE /* HGHanja.h in Headers */ = {isa = PBXBuildFile; fileRef = 3810007514B47A7F004224DE /* HGHanja.h */; settings = {ATTRIBUTES = (Public, ); }; };
		38F858F0215A8B6000CD80AE /* HGHanja.m in Sources */ = {isa = PBXBuildFile; fileRef = 3810007614B47A80004224DE /* HGHanja.m */; };
		38F858F3215A8C0300CD80AE /* libhangul.a in Frameworks */ = {isa = PBXBuildFile; fileRef = 3890A8BE1423245500067337 /* libhangul.a */; };
		38F858F6215A8CA800CD80AE /* libexpat.tbd in Frameworks */ = {isa = PBXBuildFile; fileRef = 389B61031F53191C0088AE25 /* libexpat.tbd */; };
		38F8591D215A8F6600CD80AE /* Hangul.framework in Frameworks */ = {isa = PBXBuildFile; fileRef = 38F858E3215A8B2200CD80AE /* Hangul.framework */; };
		38F85935215A913D00CD80AE /* InfoPlist.strings in Resources */ = {isa = PBXBuildFile; fileRef = 38FA21F81423219E00444D67 /* InfoPlist.strings */; };
		38F8593B215AA54A00CD80AE /* libhangul.m in Sources */ = {isa = PBXBuildFile; fileRef = 38F858D8215A879C00CD80AE /* libhangul.m */; };
		38F85944215AAA2800CD80AE /* Hangul-Umbrella.h in Headers */ = {isa = PBXBuildFile; fileRef = 3810008D14B53252004224DE /* Hangul-Umbrella.h */; settings = {ATTRIBUTES = (Public, ); }; };
		38F85945215AAB0600CD80AE /* hangul.h in Headers */ = {isa = PBXBuildFile; fileRef = 3890A8C71423247C00067337 /* hangul.h */; settings = {ATTRIBUTES = (Public, ); }; };
/* End PBXBuildFile section */

/* Begin PBXContainerItemProxy section */
		38F858F1215A8BF200CD80AE /* PBXContainerItemProxy */ = {
			isa = PBXContainerItemProxy;
			containerPortal = 38FA21E21423219E00444D67 /* Project object */;
			proxyType = 1;
			remoteGlobalIDString = 3890A8BD1423245500067337;
			remoteInfo = hangul;
		};
		38F858F7215A8CE200CD80AE /* PBXContainerItemProxy */ = {
			isa = PBXContainerItemProxy;
			containerPortal = 38FA21E21423219E00444D67 /* Project object */;
			proxyType = 1;
			remoteGlobalIDString = 38F858E2215A8B2200CD80AE;
			remoteInfo = Hangul;
		};
/* End PBXContainerItemProxy section */

/* Begin PBXCopyFilesBuildPhase section */
		388186D421EE3564004B7FDB /* Copy Hanja Resources */ = {
			isa = PBXCopyFilesBuildPhase;
			buildActionMask = 2147483647;
			dstPath = hanja;
			dstSubfolderSpec = 7;
			files = (
				388186F521EE3652004B7FDB /* hanja.txt in Copy Hanja Resources */,
				388186F621EE3652004B7FDB /* mssymbol.txt in Copy Hanja Resources */,
			);
			name = "Copy Hanja Resources";
			runOnlyForDeploymentPostprocessing = 0;
		};
		388186F721EE3658004B7FDB /* Copy Keyboard Resources */ = {
			isa = PBXCopyFilesBuildPhase;
			buildActionMask = 2147483647;
			dstPath = keyboards;
			dstSubfolderSpec = 7;
			files = (
				388186F821EE366A004B7FDB /* hangul-combination-full.xml in Copy Keyboard Resources */,
				388186F921EE366A004B7FDB /* hangul-combination-default.xml in Copy Keyboard Resources */,
				388186FA21EE366A004B7FDB /* hangul-combination-3p.xml in Copy Keyboard Resources */,
				388186FB21EE366A004B7FDB /* hangul-combination-3f.xml in Copy Keyboard Resources */,
				388186FC21EE366A004B7FDB /* hangul-combination-39.xml in Copy Keyboard Resources */,
			);
			name = "Copy Keyboard Resources";
			runOnlyForDeploymentPostprocessing = 0;
		};
/* End PBXCopyFilesBuildPhase section */

/* Begin PBXFileReference section */
		3810007514B47A7F004224DE /* HGHanja.h */ = {isa = PBXFileReference; fileEncoding = 4; lastKnownFileType = sourcecode.c.h; path = HGHanja.h; sourceTree = "<group>"; };
		3810007614B47A80004224DE /* HGHanja.m */ = {isa = PBXFileReference; fileEncoding = 4; lastKnownFileType = sourcecode.c.objc; path = HGHanja.m; sourceTree = "<group>"; };
		3810008D14B53252004224DE /* Hangul-Umbrella.h */ = {isa = PBXFileReference; fileEncoding = 4; lastKnownFileType = sourcecode.c.h; path = "Hangul-Umbrella.h"; sourceTree = "<group>"; };
		382707E41F573F1D00658B6B /* HangulTests.xctest */ = {isa = PBXFileReference; explicitFileType = wrapper.cfbundle; includeInIndex = 0; path = HangulTests.xctest; sourceTree = BUILT_PRODUCTS_DIR; };
		382707E61F573F1D00658B6B /* HangulTests.swift */ = {isa = PBXFileReference; lastKnownFileType = sourcecode.swift; path = HangulTests.swift; sourceTree = "<group>"; };
		382707E81F573F1D00658B6B /* Info.plist */ = {isa = PBXFileReference; lastKnownFileType = text.plist.xml; path = Info.plist; sourceTree = "<group>"; };
		382707EF1F573FC800658B6B /* Bridge.h */ = {isa = PBXFileReference; lastKnownFileType = sourcecode.c.h; path = Bridge.h; sourceTree = "<group>"; };
		388186D821EE35DD004B7FDB /* hanja.txt */ = {isa = PBXFileReference; lastKnownFileType = text; path = hanja.txt; sourceTree = "<group>"; };
		388186DC21EE35DD004B7FDB /* mssymbol.txt */ = {isa = PBXFileReference; lastKnownFileType = text; path = mssymbol.txt; sourceTree = "<group>"; };
		388186E021EE35E8004B7FDB /* hangul-combination-full.xml */ = {isa = PBXFileReference; lastKnownFileType = text.xml; path = "hangul-combination-full.xml"; sourceTree = "<group>"; };
		388186E121EE35E8004B7FDB /* hangul-combination-default.xml */ = {isa = PBXFileReference; lastKnownFileType = text.xml; path = "hangul-combination-default.xml"; sourceTree = "<group>"; };
		388186E621EE35E8004B7FDB /* hangul-combination-3p.xml */ = {isa = PBXFileReference; lastKnownFileType = text.xml; path = "hangul-combination-3p.xml"; sourceTree = "<group>"; };
		388186E821EE35E8004B7FDB /* hangul-combination-3f.xml */ = {isa = PBXFileReference; lastKnownFileType = text.xml; path = "hangul-combination-3f.xml"; sourceTree = "<group>"; };
		388186F021EE35E8004B7FDB /* hangul-combination-39.xml */ = {isa = PBXFileReference; lastKnownFileType = text.xml; path = "hangul-combination-39.xml"; sourceTree = "<group>"; };
		3890A8B11423238E00067337 /* HGCharacter.h */ = {isa = PBXFileReference; fileEncoding = 4; lastKnownFileType = sourcecode.c.h; path = HGCharacter.h; sourceTree = "<group>"; };
		3890A8B21423238E00067337 /* HGCharacter.m */ = {isa = PBXFileReference; fileEncoding = 4; lastKnownFileType = sourcecode.c.objc; path = HGCharacter.m; sourceTree = "<group>"; };
		3890A8B31423238E00067337 /* HGInputContext.h */ = {isa = PBXFileReference; fileEncoding = 4; lastKnownFileType = sourcecode.c.h; path = HGInputContext.h; sourceTree = "<group>"; };
		3890A8B41423238E00067337 /* HGInputContext.m */ = {isa = PBXFileReference; fileEncoding = 4; lastKnownFileType = sourcecode.c.objc; path = HGInputContext.m; sourceTree = "<group>"; };
		3890A8BE1423245500067337 /* libhangul.a */ = {isa = PBXFileReference; explicitFileType = archive.ar; includeInIndex = 0; path = libhangul.a; sourceTree = BUILT_PRODUCTS_DIR; };
		3890A8C61423247C00067337 /* hangul-gettext.h */ = {isa = PBXFileReference; fileEncoding = 4; lastKnownFileType = sourcecode.c.h; path = "hangul-gettext.h"; sourceTree = "<group>"; };
		3890A8C71423247C00067337 /* hangul.h */ = {isa = PBXFileReference; fileEncoding = 4; lastKnownFileType = sourcecode.c.h; path = hangul.h; sourceTree = "<group>"; };
		3890A8C81423247C00067337 /* hangulctype.c */ = {isa = PBXFileReference; fileEncoding = 4; lastKnownFileType = sourcecode.c.c; path = hangulctype.c; sourceTree = "<group>"; };
		3890A8C91423247C00067337 /* hangulinputcontext.c */ = {isa = PBXFileReference; fileEncoding = 4; lastKnownFileType = sourcecode.c.c; path = hangulinputcontext.c; sourceTree = "<group>"; };
		3890A8CA1423247C00067337 /* hangulinternals.h */ = {isa = PBXFileReference; fileEncoding = 4; lastKnownFileType = sourcecode.c.h; path = hangulinternals.h; sourceTree = "<group>"; };
		3890A8CB1423247C00067337 /* hangulkeyboard.h */ = {isa = PBXFileReference; fileEncoding = 4; lastKnownFileType = sourcecode.c.h; path = hangulkeyboard.h; sourceTree = "<group>"; };
		3890A8CC1423247C00067337 /* hanja.c */ = {isa = PBXFileReference; fileEncoding = 4; lastKnownFileType = sourcecode.c.c; path = hanja.c; sourceTree = "<group>"; tabWidth = 8; };
		3890A8CD1423247C00067337 /* hanjacompatible.h */ = {isa = PBXFileReference; fileEncoding = 4; lastKnownFileType = sourcecode.c.h; path = hanjacompatible.h; sourceTree = "<group>"; };
		389B61011F52F9310088AE25 /* hangulkeyboard.c */ = {isa = PBXFileReference; fileEncoding = 4; indentWidth = 4; lastKnownFileType = sourcecode.c.c; path = hangulkeyboard.c; sourceTree = "<group>"; tabWidth = 8; };
		389B61031F53191C0088AE25 /* libexpat.tbd */ = {isa = PBXFileReference; lastKnownFileType = "sourcecode.text-based-dylib-definition"; name = libexpat.tbd; path = usr/lib/libexpat.tbd; sourceTree = SDKROOT; };
		38F858D8215A879C00CD80AE /* libhangul.m */ = {isa = PBXFileReference; lastKnownFileType = sourcecode.c.objc; path = libhangul.m; sourceTree = "<group>"; };
		38F858E3215A8B2200CD80AE /* Hangul.framework */ = {isa = PBXFileReference; explicitFileType = wrapper.framework; includeInIndex = 0; path = Hangul.framework; sourceTree = BUILT_PRODUCTS_DIR; };
		38F85946215AB09100CD80AE /* Hangul.modulemap */ = {isa = PBXFileReference; lastKnownFileType = "sourcecode.module-map"; path = Hangul.modulemap; sourceTree = "<group>"; };
		38FA21F41423219E00444D67 /* Foundation.framework */ = {isa = PBXFileReference; lastKnownFileType = wrapper.framework; name = Foundation.framework; path = System/Library/Frameworks/Foundation.framework; sourceTree = SDKROOT; };
		38FA21F71423219E00444D67 /* Info.plist */ = {isa = PBXFileReference; lastKnownFileType = text.plist.xml; path = Info.plist; sourceTree = "<group>"; };
		38FA21F91423219E00444D67 /* en */ = {isa = PBXFileReference; lastKnownFileType = text.plist.strings; name = en; path = en.lproj/InfoPlist.strings; sourceTree = "<group>"; };
/* End PBXFileReference section */

/* Begin PBXFrameworksBuildPhase section */
		382707E11F573F1D00658B6B /* Frameworks */ = {
			isa = PBXFrameworksBuildPhase;
			buildActionMask = 2147483647;
			files = (
				38F8591D215A8F6600CD80AE /* Hangul.framework in Frameworks */,
			);
			runOnlyForDeploymentPostprocessing = 0;
		};
		3890A8BC1423245500067337 /* Frameworks */ = {
			isa = PBXFrameworksBuildPhase;
			buildActionMask = 2147483647;
			files = (
			);
			runOnlyForDeploymentPostprocessing = 0;
		};
		38F858E0215A8B2200CD80AE /* Frameworks */ = {
			isa = PBXFrameworksBuildPhase;
			buildActionMask = 2147483647;
			files = (
				38F858F6215A8CA800CD80AE /* libexpat.tbd in Frameworks */,
				38F858F3215A8C0300CD80AE /* libhangul.a in Frameworks */,
			);
			runOnlyForDeploymentPostprocessing = 0;
		};
/* End PBXFrameworksBuildPhase section */

/* Begin PBXGroup section */
		3810007C14B4A1AA004224DE /* data */ = {
			isa = PBXGroup;
			children = (
				388186D521EE35DD004B7FDB /* hanja */,
				388186DF21EE35E8004B7FDB /* keyboards */,
			);
			name = data;
			path = libhangul/data;
			sourceTree = "<group>";
		};
		382707E51F573F1D00658B6B /* HangulTests */ = {
			isa = PBXGroup;
			children = (
				382707E61F573F1D00658B6B /* HangulTests.swift */,
				382707EF1F573FC800658B6B /* Bridge.h */,
				382707E81F573F1D00658B6B /* Info.plist */,
			);
			path = HangulTests;
			sourceTree = "<group>";
		};
		388186D521EE35DD004B7FDB /* hanja */ = {
			isa = PBXGroup;
			children = (
				388186D821EE35DD004B7FDB /* hanja.txt */,
				388186DC21EE35DD004B7FDB /* mssymbol.txt */,
			);
			path = hanja;
			sourceTree = "<group>";
		};
		388186DF21EE35E8004B7FDB /* keyboards */ = {
			isa = PBXGroup;
			children = (
				388186E021EE35E8004B7FDB /* hangul-combination-full.xml */,
				388186E121EE35E8004B7FDB /* hangul-combination-default.xml */,
				388186E621EE35E8004B7FDB /* hangul-combination-3p.xml */,
				388186E821EE35E8004B7FDB /* hangul-combination-3f.xml */,
				388186F021EE35E8004B7FDB /* hangul-combination-39.xml */,
			);
			path = keyboards;
			sourceTree = "<group>";
		};
		3890A8C41423247C00067337 /* hangul */ = {
			isa = PBXGroup;
			children = (
				3890A8C61423247C00067337 /* hangul-gettext.h */,
				3890A8C71423247C00067337 /* hangul.h */,
				3890A8C81423247C00067337 /* hangulctype.c */,
				3890A8C91423247C00067337 /* hangulinputcontext.c */,
				3890A8CA1423247C00067337 /* hangulinternals.h */,
				3890A8CB1423247C00067337 /* hangulkeyboard.h */,
				389B61011F52F9310088AE25 /* hangulkeyboard.c */,
				3890A8CC1423247C00067337 /* hanja.c */,
				3890A8CD1423247C00067337 /* hanjacompatible.h */,
			);
			name = hangul;
			path = libhangul/hangul;
			sourceTree = "<group>";
		};
		38FA21E01423219E00444D67 = {
			isa = PBXGroup;
			children = (
				38FA21F51423219E00444D67 /* Hangul */,
				3890A8C41423247C00067337 /* hangul */,
				3810007C14B4A1AA004224DE /* data */,
				382707E51F573F1D00658B6B /* HangulTests */,
				38FA21EE1423219E00444D67 /* Frameworks */,
				38FA21ED1423219E00444D67 /* Products */,
			);
			sourceTree = "<group>";
		};
		38FA21ED1423219E00444D67 /* Products */ = {
			isa = PBXGroup;
			children = (
				3890A8BE1423245500067337 /* libhangul.a */,
				382707E41F573F1D00658B6B /* HangulTests.xctest */,
				38F858E3215A8B2200CD80AE /* Hangul.framework */,
			);
			name = Products;
			sourceTree = "<group>";
		};
		38FA21EE1423219E00444D67 /* Frameworks */ = {
			isa = PBXGroup;
			children = (
				389B61031F53191C0088AE25 /* libexpat.tbd */,
				38FA21F41423219E00444D67 /* Foundation.framework */,
			);
			name = Frameworks;
			sourceTree = "<group>";
		};
		38FA21F51423219E00444D67 /* Hangul */ = {
			isa = PBXGroup;
			children = (
				38F858D8215A879C00CD80AE /* libhangul.m */,
				3810008D14B53252004224DE /* Hangul-Umbrella.h */,
				3890A8B11423238E00067337 /* HGCharacter.h */,
				3890A8B21423238E00067337 /* HGCharacter.m */,
				3890A8B31423238E00067337 /* HGInputContext.h */,
				3890A8B41423238E00067337 /* HGInputContext.m */,
				3810007514B47A7F004224DE /* HGHanja.h */,
				3810007614B47A80004224DE /* HGHanja.m */,
				38FA21F61423219E00444D67 /* Supporting Files */,
			);
			path = Hangul;
			sourceTree = "<group>";
		};
		38FA21F61423219E00444D67 /* Supporting Files */ = {
			isa = PBXGroup;
			children = (
				38F85946215AB09100CD80AE /* Hangul.modulemap */,
				38FA21F71423219E00444D67 /* Info.plist */,
				38FA21F81423219E00444D67 /* InfoPlist.strings */,
			);
			name = "Supporting Files";
			sourceTree = "<group>";
		};
/* End PBXGroup section */

/* Begin PBXHeadersBuildPhase section */
		3890A8BA1423245500067337 /* Headers */ = {
			isa = PBXHeadersBuildPhase;
			buildActionMask = 2147483647;
			files = (
				38F858D6215A828B00CD80AE /* hangulinternals.h in Headers */,
				3890A8CF1423247C00067337 /* hangul.h in Headers */,
				3890A8D31423247C00067337 /* hangulkeyboard.h in Headers */,
			);
			runOnlyForDeploymentPostprocessing = 0;
		};
		38F858DE215A8B2200CD80AE /* Headers */ = {
			isa = PBXHeadersBuildPhase;
			buildActionMask = 2147483647;
			files = (
				38F85944215AAA2800CD80AE /* Hangul-Umbrella.h in Headers */,
				38F858EF215A8B6000CD80AE /* HGHanja.h in Headers */,
				38F858ED215A8B6000CD80AE /* HGInputContext.h in Headers */,
				38F85945215AAB0600CD80AE /* hangul.h in Headers */,
				38F858EB215A8B6000CD80AE /* HGCharacter.h in Headers */,
			);
			runOnlyForDeploymentPostprocessing = 0;
		};
/* End PBXHeadersBuildPhase section */

/* Begin PBXNativeTarget section */
		382707E31F573F1D00658B6B /* HangulTests */ = {
			isa = PBXNativeTarget;
			buildConfigurationList = 382707EE1F573F1D00658B6B /* Build configuration list for PBXNativeTarget "HangulTests" */;
			buildPhases = (
				382707E01F573F1D00658B6B /* Sources */,
				382707E11F573F1D00658B6B /* Frameworks */,
				382707E21F573F1D00658B6B /* Resources */,
			);
			buildRules = (
			);
			dependencies = (
				38F858F8215A8CE200CD80AE /* PBXTargetDependency */,
			);
			name = HangulTests;
			productName = HangulTests;
			productReference = 382707E41F573F1D00658B6B /* HangulTests.xctest */;
			productType = "com.apple.product-type.bundle.unit-test";
		};
		3890A8BD1423245500067337 /* libhangul */ = {
			isa = PBXNativeTarget;
			buildConfigurationList = 3890A8C31423246100067337 /* Build configuration list for PBXNativeTarget "libhangul" */;
			buildPhases = (
				3890A8BA1423245500067337 /* Headers */,
				3890A8BB1423245500067337 /* Sources */,
				3890A8BC1423245500067337 /* Frameworks */,
			);
			buildRules = (
			);
			dependencies = (
			);
			name = libhangul;
			productName = hangul;
			productReference = 3890A8BE1423245500067337 /* libhangul.a */;
			productType = "com.apple.product-type.library.static";
		};
		38F858E2215A8B2200CD80AE /* Hangul */ = {
			isa = PBXNativeTarget;
			buildConfigurationList = 38F858E8215A8B2200CD80AE /* Build configuration list for PBXNativeTarget "Hangul" */;
			buildPhases = (
				38F858DE215A8B2200CD80AE /* Headers */,
				38F858DF215A8B2200CD80AE /* Sources */,
				38F858E0215A8B2200CD80AE /* Frameworks */,
				38F858E1215A8B2200CD80AE /* Resources */,
				388186D421EE3564004B7FDB /* Copy Hanja Resources */,
				388186F721EE3658004B7FDB /* Copy Keyboard Resources */,
			);
			buildRules = (
			);
			dependencies = (
				38F858F2215A8BF200CD80AE /* PBXTargetDependency */,
			);
			name = Hangul;
			productName = Hangul;
			productReference = 38F858E3215A8B2200CD80AE /* Hangul.framework */;
			productType = "com.apple.product-type.framework";
		};
/* End PBXNativeTarget section */

/* Begin PBXProject section */
		38FA21E21423219E00444D67 /* Project object */ = {
			isa = PBXProject;
			attributes = {
				LastSwiftUpdateCheck = 0800;
				LastUpgradeCheck = 1000;
				ORGANIZATIONNAME = youknowone.org;
				TargetAttributes = {
					382707E31F573F1D00658B6B = {
						CreatedOnToolsVersion = 8.0;
						DevelopmentTeam = 9384JEL3M9;
						LastSwiftMigration = 0900;
						ProvisioningStyle = Automatic;
					};
					38F858E2215A8B2200CD80AE = {
						CreatedOnToolsVersion = 10.0;
					};
				};
			};
			buildConfigurationList = 38FA21E51423219E00444D67 /* Build configuration list for PBXProject "Hangul" */;
			compatibilityVersion = "Xcode 3.2";
			developmentRegion = English;
			hasScannedForEncodings = 0;
			knownRegions = (
				en,
			);
			mainGroup = 38FA21E01423219E00444D67;
			productRefGroup = 38FA21ED1423219E00444D67 /* Products */;
			projectDirPath = "";
			projectRoot = "";
			targets = (
				38F858E2215A8B2200CD80AE /* Hangul */,
				3890A8BD1423245500067337 /* libhangul */,
				382707E31F573F1D00658B6B /* HangulTests */,
			);
		};
/* End PBXProject section */

/* Begin PBXResourcesBuildPhase section */
		382707E21F573F1D00658B6B /* Resources */ = {
			isa = PBXResourcesBuildPhase;
			buildActionMask = 2147483647;
			files = (
			);
			runOnlyForDeploymentPostprocessing = 0;
		};
		38F858E1215A8B2200CD80AE /* Resources */ = {
			isa = PBXResourcesBuildPhase;
			buildActionMask = 2147483647;
			files = (
				38F85935215A913D00CD80AE /* InfoPlist.strings in Resources */,
			);
			runOnlyForDeploymentPostprocessing = 0;
		};
/* End PBXResourcesBuildPhase section */

/* Begin PBXSourcesBuildPhase section */
		382707E01F573F1D00658B6B /* Sources */ = {
			isa = PBXSourcesBuildPhase;
			buildActionMask = 2147483647;
			files = (
				382707E71F573F1D00658B6B /* HangulTests.swift in Sources */,
			);
			runOnlyForDeploymentPostprocessing = 0;
		};
		3890A8BB1423245500067337 /* Sources */ = {
			isa = PBXSourcesBuildPhase;
			buildActionMask = 2147483647;
			files = (
				3890A8D01423247C00067337 /* hangulctype.c in Sources */,
				3890A8D11423247C00067337 /* hangulinputcontext.c in Sources */,
				389B61021F52F9310088AE25 /* hangulkeyboard.c in Sources */,
				3890A8D41423247C00067337 /* hanja.c in Sources */,
			);
			runOnlyForDeploymentPostprocessing = 0;
		};
		38F858DF215A8B2200CD80AE /* Sources */ = {
			isa = PBXSourcesBuildPhase;
			buildActionMask = 2147483647;
			files = (
				38F8593B215AA54A00CD80AE /* libhangul.m in Sources */,
				38F858F0215A8B6000CD80AE /* HGHanja.m in Sources */,
				38F858EC215A8B6000CD80AE /* HGCharacter.m in Sources */,
				38F858EE215A8B6000CD80AE /* HGInputContext.m in Sources */,
			);
			runOnlyForDeploymentPostprocessing = 0;
		};
/* End PBXSourcesBuildPhase section */

/* Begin PBXTargetDependency section */
		38F858F2215A8BF200CD80AE /* PBXTargetDependency */ = {
			isa = PBXTargetDependency;
			target = 3890A8BD1423245500067337 /* libhangul */;
			targetProxy = 38F858F1215A8BF200CD80AE /* PBXContainerItemProxy */;
		};
		38F858F8215A8CE200CD80AE /* PBXTargetDependency */ = {
			isa = PBXTargetDependency;
			target = 38F858E2215A8B2200CD80AE /* Hangul */;
			targetProxy = 38F858F7215A8CE200CD80AE /* PBXContainerItemProxy */;
		};
/* End PBXTargetDependency section */

/* Begin PBXVariantGroup section */
		38FA21F81423219E00444D67 /* InfoPlist.strings */ = {
			isa = PBXVariantGroup;
			children = (
				38FA21F91423219E00444D67 /* en */,
			);
			name = InfoPlist.strings;
			sourceTree = "<group>";
		};
/* End PBXVariantGroup section */

/* Begin XCBuildConfiguration section */
		382707EC1F573F1D00658B6B /* Debug */ = {
			isa = XCBuildConfiguration;
			buildSettings = {
				CLANG_WARN_SUSPICIOUS_MOVES = YES;
				INFOPLIST_FILE = HangulTests/Info.plist;
				LD_RUNPATH_SEARCH_PATHS = "$(inherited) @executable_path/../Frameworks @loader_path/../Frameworks";
				MTL_ENABLE_DEBUG_INFO = YES;
				PRODUCT_BUNDLE_IDENTIFIER = org.youknowone.HangulTests;
				PRODUCT_NAME = "$(TARGET_NAME)";
				SWIFT_ACTIVE_COMPILATION_CONDITIONS = DEBUG;
				SWIFT_OBJC_BRIDGING_HEADER = HangulTests/Bridge.h;
			};
			name = Debug;
		};
		382707ED1F573F1D00658B6B /* Release */ = {
			isa = XCBuildConfiguration;
			buildSettings = {
				CLANG_WARN_SUSPICIOUS_MOVES = YES;
				INFOPLIST_FILE = HangulTests/Info.plist;
				LD_RUNPATH_SEARCH_PATHS = "$(inherited) @executable_path/../Frameworks @loader_path/../Frameworks";
				MTL_ENABLE_DEBUG_INFO = NO;
				PRODUCT_BUNDLE_IDENTIFIER = org.youknowone.HangulTests;
				PRODUCT_NAME = "$(TARGET_NAME)";
				SWIFT_OBJC_BRIDGING_HEADER = HangulTests/Bridge.h;
			};
			name = Release;
		};
		3890A8BF1423245500067337 /* Debug */ = {
			isa = XCBuildConfiguration;
			buildSettings = {
				CLANG_ENABLE_OBJC_ARC = YES;
				CLANG_WARN_CONSTANT_CONVERSION = NO;
				CLANG_WARN_DOCUMENTATION_COMMENTS = NO;
				CLANG_WARN_STRICT_PROTOTYPES = NO;
				COPY_PHASE_STRIP = NO;
				GCC_PREPROCESSOR_DEFINITIONS_NOT_USED_IN_PRECOMPS = (
					"LIBHANGUL_DEFAULT_HANJA_DIC=\"\\\"$(INSTALL_PATH)/HanjaDictionary\\\"\"",
					"ENABLE_EXTERNAL_KEYBOARDS=1",
					"LIBHANGUL_DYNAMIC_DATA_DIR=1",
				);
				GCC_WARN_64_TO_32_BIT_CONVERSION = NO;
				INSTALL_PATH = /usr/local/lib;
				PRODUCT_NAME = hangul;
			};
			name = Debug;
		};
		3890A8C01423245500067337 /* Release */ = {
			isa = XCBuildConfiguration;
			buildSettings = {
				CLANG_ENABLE_OBJC_ARC = YES;
				CLANG_WARN_CONSTANT_CONVERSION = NO;
				CLANG_WARN_DOCUMENTATION_COMMENTS = NO;
				CLANG_WARN_STRICT_PROTOTYPES = NO;
				COPY_PHASE_STRIP = YES;
				DEBUG_INFORMATION_FORMAT = "dwarf-with-dsym";
				GCC_PREPROCESSOR_DEFINITIONS_NOT_USED_IN_PRECOMPS = (
					"LIBHANGUL_DEFAULT_HANJA_DIC=\"\\\"$(INSTALL_PATH)/HanjaDictionary\\\"\"",
					"ENABLE_EXTERNAL_KEYBOARDS=1",
					"LIBHANGUL_DYNAMIC_DATA_DIR=1",
				);
				GCC_WARN_64_TO_32_BIT_CONVERSION = NO;
				INSTALL_PATH = /usr/local/lib;
				PRODUCT_NAME = hangul;
				ZERO_LINK = NO;
			};
			name = Release;
		};
		38F858E9215A8B2200CD80AE /* Debug */ = {
			isa = XCBuildConfiguration;
			buildSettings = {
				CURRENT_PROJECT_VERSION = 1;
				DYLIB_COMPATIBILITY_VERSION = 1;
				DYLIB_CURRENT_VERSION = 1;
				DYLIB_INSTALL_NAME_BASE = "@rpath";
				FRAMEWORK_VERSION = A;
				INFOPLIST_FILE = Hangul/Info.plist;
				INSTALL_PATH = "$(LOCAL_LIBRARY_DIR)/Frameworks";
				LD_RUNPATH_SEARCH_PATHS = "$(inherited) @executable_path/../Frameworks @loader_path/Frameworks";
				MODULEMAP_FILE = Hangul/Hangul.modulemap;
				MTL_ENABLE_DEBUG_INFO = INCLUDE_SOURCE;
				MTL_FAST_MATH = YES;
				PRODUCT_BUNDLE_IDENTIFIER = org.youknowone.Hangul;
				PRODUCT_NAME = "$(TARGET_NAME:c99extidentifier)";
				VERSIONING_SYSTEM = "apple-generic";
				VERSION_INFO_PREFIX = "";
			};
			name = Debug;
		};
		38F858EA215A8B2200CD80AE /* Release */ = {
			isa = XCBuildConfiguration;
			buildSettings = {
				CURRENT_PROJECT_VERSION = 1;
				DYLIB_COMPATIBILITY_VERSION = 1;
				DYLIB_CURRENT_VERSION = 1;
				DYLIB_INSTALL_NAME_BASE = "@rpath";
				FRAMEWORK_VERSION = A;
				INFOPLIST_FILE = Hangul/Info.plist;
				INSTALL_PATH = "$(LOCAL_LIBRARY_DIR)/Frameworks";
				LD_RUNPATH_SEARCH_PATHS = "$(inherited) @executable_path/../Frameworks @loader_path/Frameworks";
				MODULEMAP_FILE = Hangul/Hangul.modulemap;
				MTL_ENABLE_DEBUG_INFO = NO;
				MTL_FAST_MATH = YES;
				PRODUCT_BUNDLE_IDENTIFIER = org.youknowone.Hangul;
				PRODUCT_NAME = "$(TARGET_NAME:c99extidentifier)";
				VERSIONING_SYSTEM = "apple-generic";
				VERSION_INFO_PREFIX = "";
			};
			name = Release;
		};
		38FA21FC1423219E00444D67 /* Debug */ = {
			isa = XCBuildConfiguration;
			buildSettings = {
				ALWAYS_SEARCH_USER_PATHS = NO;
				CLANG_ANALYZER_NONNULL = YES;
				CLANG_ANALYZER_NUMBER_OBJECT_CONVERSION = YES_AGGRESSIVE;
				CLANG_CXX_LANGUAGE_STANDARD = "c++17";
				CLANG_CXX_LIBRARY = "libc++";
				CLANG_ENABLE_MODULES = YES;
				CLANG_ENABLE_OBJC_ARC = YES;
				CLANG_ENABLE_OBJC_WEAK = YES;
				CLANG_WARN_BLOCK_CAPTURE_AUTORELEASING = YES;
				CLANG_WARN_BOOL_CONVERSION = YES;
				CLANG_WARN_COMMA = YES;
				CLANG_WARN_CONSTANT_CONVERSION = YES;
				CLANG_WARN_DEPRECATED_OBJC_IMPLEMENTATIONS = YES;
				CLANG_WARN_DIRECT_OBJC_ISA_USAGE = YES_ERROR;
				CLANG_WARN_DOCUMENTATION_COMMENTS = YES;
				CLANG_WARN_EMPTY_BODY = YES;
				CLANG_WARN_ENUM_CONVERSION = YES;
				CLANG_WARN_INFINITE_RECURSION = YES;
				CLANG_WARN_INT_CONVERSION = YES;
				CLANG_WARN_NON_LITERAL_NULL_CONVERSION = YES;
				CLANG_WARN_OBJC_IMPLICIT_RETAIN_SELF = YES;
				CLANG_WARN_OBJC_LITERAL_CONVERSION = YES;
				CLANG_WARN_OBJC_ROOT_CLASS = YES_ERROR;
				CLANG_WARN_RANGE_LOOP_ANALYSIS = YES;
				CLANG_WARN_STRICT_PROTOTYPES = YES;
				CLANG_WARN_SUSPICIOUS_MOVE = YES;
				CLANG_WARN_UNGUARDED_AVAILABILITY = YES_AGGRESSIVE;
				CLANG_WARN_UNREACHABLE_CODE = YES;
				CLANG_WARN__DUPLICATE_METHOD_MATCH = YES;
				COMBINE_HIDPI_IMAGES = YES;
				COPY_PHASE_STRIP = NO;
				DEBUG_INFORMATION_FORMAT = dwarf;
				DEFINES_MODULE = YES;
				ENABLE_STRICT_OBJC_MSGSEND = YES;
				ENABLE_TESTABILITY = YES;
				GCC_C_LANGUAGE_STANDARD = c11;
				GCC_NO_COMMON_BLOCKS = YES;
				GCC_OPTIMIZATION_LEVEL = 0;
				GCC_PREPROCESSOR_DEFINITIONS = DEBUG;
				GCC_SYMBOLS_PRIVATE_EXTERN = NO;
				GCC_WARN_64_TO_32_BIT_CONVERSION = YES;
				GCC_WARN_ABOUT_RETURN_TYPE = YES_ERROR;
				GCC_WARN_UNDECLARED_SELECTOR = YES;
				GCC_WARN_UNINITIALIZED_AUTOS = YES_AGGRESSIVE;
				GCC_WARN_UNKNOWN_PRAGMAS = YES;
				GCC_WARN_UNUSED_FUNCTION = YES;
				GCC_WARN_UNUSED_VARIABLE = YES;
				MACOSX_DEPLOYMENT_TARGET = 10.9;
				ONLY_ACTIVE_ARCH = YES;
				SDKROOT = macosx;
				SKIP_INSTALL = YES;
				SWIFT_OPTIMIZATION_LEVEL = "-Onone";
				SWIFT_VERSION = 4.2;
			};
			name = Debug;
		};
		38FA21FD1423219E00444D67 /* Release */ = {
			isa = XCBuildConfiguration;
			buildSettings = {
				ALWAYS_SEARCH_USER_PATHS = NO;
				CLANG_ANALYZER_NONNULL = YES;
				CLANG_ANALYZER_NUMBER_OBJECT_CONVERSION = YES_AGGRESSIVE;
				CLANG_CXX_LANGUAGE_STANDARD = "c++17";
				CLANG_CXX_LIBRARY = "libc++";
				CLANG_ENABLE_MODULES = YES;
				CLANG_ENABLE_OBJC_ARC = YES;
				CLANG_ENABLE_OBJC_WEAK = YES;
				CLANG_WARN_BLOCK_CAPTURE_AUTORELEASING = YES;
				CLANG_WARN_BOOL_CONVERSION = YES;
				CLANG_WARN_COMMA = YES;
				CLANG_WARN_CONSTANT_CONVERSION = YES;
				CLANG_WARN_DEPRECATED_OBJC_IMPLEMENTATIONS = YES;
				CLANG_WARN_DIRECT_OBJC_ISA_USAGE = YES_ERROR;
				CLANG_WARN_DOCUMENTATION_COMMENTS = YES;
				CLANG_WARN_EMPTY_BODY = YES;
				CLANG_WARN_ENUM_CONVERSION = YES;
				CLANG_WARN_INFINITE_RECURSION = YES;
				CLANG_WARN_INT_CONVERSION = YES;
				CLANG_WARN_NON_LITERAL_NULL_CONVERSION = YES;
				CLANG_WARN_OBJC_IMPLICIT_RETAIN_SELF = YES;
				CLANG_WARN_OBJC_LITERAL_CONVERSION = YES;
				CLANG_WARN_OBJC_ROOT_CLASS = YES_ERROR;
				CLANG_WARN_RANGE_LOOP_ANALYSIS = YES;
				CLANG_WARN_STRICT_PROTOTYPES = YES;
				CLANG_WARN_SUSPICIOUS_MOVE = YES;
				CLANG_WARN_UNGUARDED_AVAILABILITY = YES_AGGRESSIVE;
				CLANG_WARN_UNREACHABLE_CODE = YES;
				CLANG_WARN__DUPLICATE_METHOD_MATCH = YES;
				CODE_SIGN_IDENTITY = "Mac Developer";
				COMBINE_HIDPI_IMAGES = YES;
				COPY_PHASE_STRIP = NO;
				DEBUG_INFORMATION_FORMAT = "dwarf-with-dsym";
				DEFINES_MODULE = YES;
				ENABLE_NS_ASSERTIONS = NO;
				ENABLE_STRICT_OBJC_MSGSEND = YES;
				GCC_C_LANGUAGE_STANDARD = c11;
				GCC_NO_COMMON_BLOCKS = YES;
				GCC_WARN_64_TO_32_BIT_CONVERSION = YES;
				GCC_WARN_ABOUT_RETURN_TYPE = YES_ERROR;
				GCC_WARN_UNDECLARED_SELECTOR = YES;
				GCC_WARN_UNINITIALIZED_AUTOS = YES_AGGRESSIVE;
				GCC_WARN_UNKNOWN_PRAGMAS = YES;
				GCC_WARN_UNUSED_FUNCTION = YES;
				GCC_WARN_UNUSED_VARIABLE = YES;
				MACOSX_DEPLOYMENT_TARGET = 10.9;
				SDKROOT = macosx;
				SKIP_INSTALL = YES;
				SWIFT_OPTIMIZATION_LEVEL = "-Owholemodule";
				SWIFT_VERSION = 4.2;
			};
			name = Release;
		};
/* End XCBuildConfiguration section */

/* Begin XCConfigurationList section */
		382707EE1F573F1D00658B6B /* Build configuration list for PBXNativeTarget "HangulTests" */ = {
			isa = XCConfigurationList;
			buildConfigurations = (
				382707EC1F573F1D00658B6B /* Debug */,
				382707ED1F573F1D00658B6B /* Release */,
			);
			defaultConfigurationIsVisible = 0;
			defaultConfigurationName = Release;
		};
		3890A8C31423246100067337 /* Build configuration list for PBXNativeTarget "libhangul" */ = {
			isa = XCConfigurationList;
			buildConfigurations = (
				3890A8BF1423245500067337 /* Debug */,
				3890A8C01423245500067337 /* Release */,
			);
			defaultConfigurationIsVisible = 0;
			defaultConfigurationName = Release;
		};
		38F858E8215A8B2200CD80AE /* Build configuration list for PBXNativeTarget "Hangul" */ = {
			isa = XCConfigurationList;
			buildConfigurations = (
				38F858E9215A8B2200CD80AE /* Debug */,
				38F858EA215A8B2200CD80AE /* Release */,
			);
			defaultConfigurationIsVisible = 0;
			defaultConfigurationName = Release;
		};
		38FA21E51423219E00444D67 /* Build configuration list for PBXProject "Hangul" */ = {
			isa = XCConfigurationList;
			buildConfigurations = (
				38FA21FC1423219E00444D67 /* Debug */,
				38FA21FD1423219E00444D67 /* Release */,
			);
			defaultConfigurationIsVisible = 0;
			defaultConfigurationName = Release;
		};
/* End XCConfigurationList section */
	};
	rootObject = 38FA21E21423219E00444D67 /* Project object */;
}
